<?xml version="1.0" encoding="utf-8"?>
<Project ToolsVersion="4.0" xmlns="http://schemas.microsoft.com/developer/msbuild/2003">
  <ItemGroup>
    <Filter Include="Source Files">
      <UniqueIdentifier>{4FC737F1-C7A5-4376-A066-2A32D752A2FF}</UniqueIdentifier>
      <Extensions>cpp;c;cc;cxx;c++;cppm;ixx;def;odl;idl;hpj;bat;asm;asmx</Extensions>
    </Filter>
    <Filter Include="Headers">
      <UniqueIdentifier>{9b47ad69-9610-4363-aeea-8c0ba1e7975d}</UniqueIdentifier>
    </Filter>
    <Filter Include="Services">
      <UniqueIdentifier>{5797b4ad-4c35-4b44-98b1-6253eb31a1d9}</UniqueIdentifier>
    </Filter>
    <Filter Include="Enums">
      <UniqueIdentifier>{ff089904-27cf-4ccb-b845-9bc84818a42d}</UniqueIdentifier>
    </Filter>
    <Filter Include="Structs">
      <UniqueIdentifier>{dba1f1c7-b330-469e-8ba0-048d6b8c1092}</UniqueIdentifier>
    </Filter>
  </ItemGroup>
  <ItemGroup>
    <ClCompile Include="main.cpp">
      <Filter>Source Files</Filter>
    </ClCompile>
    <ClCompile Include="system.cpp">
      <Filter>Services</Filter>
    </ClCompile>
    <ClCompile Include="user.cpp">
      <Filter>Services</Filter>
    </ClCompile>
    <ClCompile Include="string.cpp">
      <Filter>Services</Filter>
    </ClCompile>
    <ClCompile Include="io.cpp">
      <Filter>Services</Filter>
    </ClCompile>
    <ClCompile Include="inventory.cpp">
      <Filter>Services</Filter>
    </ClCompile>
    <ClCompile Include="stream.cpp">
      <Filter>Services</Filter>
    </ClCompile>
    <ClCompile Include="misc.cpp">
      <Filter>Services</Filter>
    </ClCompile>
  </ItemGroup>
  <ItemGroup>
    <ClInclude Include="system.h">
      <Filter>Headers</Filter>
    </ClInclude>
    <ClInclude Include="user.h">
      <Filter>Headers</Filter>
    </ClInclude>
    <ClInclude Include="string.h">
      <Filter>Headers</Filter>
    </ClInclude>
    <ClInclude Include="io.h">
      <Filter>Headers</Filter>
    </ClInclude>
    <ClInclude Include="role.h">
      <Filter>Enums</Filter>
    </ClInclude>
    <ClInclude Include="inventoryItem.h">
      <Filter>Structs</Filter>
    </ClInclude>
    <ClInclude Include="stream.h">
      <Filter>Headers</Filter>
    </ClInclude>
    <ClInclude Include="inventory.h">
      <Filter>Headers</Filter>
    </ClInclude>
    <ClInclude Include="misc.h">
      <Filter>Headers</Filter>
    </ClInclude>
  </ItemGroup>
  <ItemGroup>
    <Text Include="dailyRevenues.txt" />
    <Text Include="inventory.txt" />
    <Text Include="menu.txt" />
    <Text Include="orders.txt" />
  </ItemGroup>
</Project>